
Microsoft Visual Studio Solution File, Format Version 12.00
# Visual Studio Version 17
VisualStudioVersion = 17.5.33414.496
MinimumVisualStudioVersion = 10.0.40219.1
Project("{FAE04EC0-301F-11D3-BF4B-00C04F79EFBC}") = "sodokoooo", "sodokoooo\sodokoooo.csproj", "{84784BBB-1D24-4145-86B1-EF5849701CB1}"
EndProject
Global
	GlobalSection(SolutionConfigurationPlatforms) = preSolution
		Debug|Any CPU = Debug|Any CPU
		Release|Any CPU = Release|Any CPU
	EndGlobalSection
	GlobalSection(ProjectConfigurationPlatforms) = postSolution
		{84784BBB-1D24-4145-86B1-EF5849701CB1}.Debug|Any CPU.ActiveCfg = Debug|Any CPU
		{84784BBB-1D24-4145-86B1-EF5849701CB1}.Debug|Any CPU.Build.0 = Debug|Any CPU
		{84784BBB-1D24-4145-86B1-EF5849701CB1}.Release|Any CPU.ActiveCfg = Release|Any CPU
		{84784BBB-1D24-4145-86B1-EF5849701CB1}.Release|Any CPU.Build.0 = Release|Any CPU
	EndGlobalSection
	GlobalSection(SolutionProperties) = preSolution
		HideSolutionNode = FALSE
	EndGlobalSection
	GlobalSection(ExtensibilityGlobals) = postSolution
		SolutionGuid = {CDE2DC27-FA5D-49D0-8FAF-EFE6DDAF1D64}
	EndGlobalSection
EndGlobal
